
Microsoft Visual Studio Solution File, Format Version 12.00
# Visual Studio Version 17
VisualStudioVersion = 17.14.36511.14 d17.14
MinimumVisualStudioVersion = 10.0.40219.1
Project("{FAE04EC0-301F-11D3-BF4B-00C04F79EFBC}") = "final-project", "final-project\final-project.csproj", "{63A98775-F255-4D3B-B5E5-3B3787F90C10}"
EndProject
Global
	GlobalSection(SolutionConfigurationPlatforms) = preSolution
		Debug|Any CPU = Debug|Any CPU
		Release|Any CPU = Release|Any CPU
	EndGlobalSection
	GlobalSection(ProjectConfigurationPlatforms) = postSolution
		{63A98775-F255-4D3B-B5E5-3B3787F90C10}.Debug|Any CPU.ActiveCfg = Debug|Any CPU
		{63A98775-F255-4D3B-B5E5-3B3787F90C10}.Debug|Any CPU.Build.0 = Debug|Any CPU
		{63A98775-F255-4D3B-B5E5-3B3787F90C10}.Release|Any CPU.ActiveCfg = Release|Any CPU
		{63A98775-F255-4D3B-B5E5-3B3787F90C10}.Release|Any CPU.Build.0 = Release|Any CPU
	EndGlobalSection
	GlobalSection(SolutionProperties) = preSolution
		HideSolutionNode = FALSE
	EndGlobalSection
	GlobalSection(ExtensibilityGlobals) = postSolution
		SolutionGuid = {6C362C3B-664D-404B-94A0-F17E9FB5077D}
	EndGlobalSection
EndGlobal
